
Microsoft Visual Studio Solution File, Format Version 12.00
# Visual Studio 15
VisualStudioVersion = 15.0.27130.2010
MinimumVisualStudioVersion = 10.0.40219.1
Project("{FAE04EC0-301F-11D3-BF4B-00C04F79EFBC}") = "Trinity.SSK", "Trinity.SSK\Trinity.SSK.csproj", "{B65ECADC-0BC9-4B1A-84EE-C1FE0541A787}"
EndProject
Project("{FAE04EC0-301F-11D3-BF4B-00C04F79EFBC}") = "Trinity.SignalRServer", "Trinity.SignalRServer\Trinity.SignalRServer.csproj", "{2368DFE4-48D1-482D-9445-B5F95FEF5424}"
EndProject
Project("{FAE04EC0-301F-11D3-BF4B-00C04F79EFBC}") = "Trinity.OfficerDesktopApp", "Trinity.OfficerDesktopApp\Trinity.OfficerDesktopApp.csproj", "{5EC0C99E-3EA6-49B6-A1F2-1F5BCB7DB019}"
EndProject
Project("{FAE04EC0-301F-11D3-BF4B-00C04F79EFBC}") = "Trinity.DAL", "Trinity.DAL\Trinity.DAL.csproj", "{344F2633-3277-44C5-A55E-B66F920CCA14}"
EndProject
Project("{FAE04EC0-301F-11D3-BF4B-00C04F79EFBC}") = "Trinity.BE", "Trinity.BE\Trinity.BE.csproj", "{4321FA96-3A53-49C1-89EF-8A2F6E9B81C7}"
EndProject
Project("{FAE04EC0-301F-11D3-BF4B-00C04F79EFBC}") = "Trinity.Common", "Trinity.Common\Trinity.Common.csproj", "{6C023597-F6BA-4857-9C3B-82D91EB4B4A3}"
EndProject
Project("{FAE04EC0-301F-11D3-BF4B-00C04F79EFBC}") = "ConsoleTesting", "DocumentScannerTest\ConsoleTesting.csproj", "{0417DDE4-5395-45A2-8518-BAD1112C8FD7}"
EndProject
Project("{FAE04EC0-301F-11D3-BF4B-00C04F79EFBC}") = "Trinity.SSA", "Trinity.SSA\Trinity.SSA.csproj", "{B859C82A-D53C-4C65-BADE-C8D8AD6107C8}"
EndProject
Project("{FAE04EC0-301F-11D3-BF4B-00C04F79EFBC}") = "Trinity.Enrolment", "Enrolment\Trinity.Enrolment.csproj", "{11700A83-F635-41DB-8732-A58EA8C41A24}"
EndProject
Project("{FAE04EC0-301F-11D3-BF4B-00C04F79EFBC}") = "Trinity.Identity", "Trinity.Identity\Trinity.Identity.csproj", "{B25053FB-2050-4115-9441-8EDF5C03FB1D}"
EndProject
Global
	GlobalSection(SolutionConfigurationPlatforms) = preSolution
		Debug|Any CPU = Debug|Any CPU
		Debug|x64 = Debug|x64
		Debug|x86 = Debug|x86
		Release|Any CPU = Release|Any CPU
		Release|x64 = Release|x64
		Release|x86 = Release|x86
	EndGlobalSection
	GlobalSection(ProjectConfigurationPlatforms) = postSolution
		{B65ECADC-0BC9-4B1A-84EE-C1FE0541A787}.Debug|Any CPU.ActiveCfg = Debug|Any CPU
		{B65ECADC-0BC9-4B1A-84EE-C1FE0541A787}.Debug|Any CPU.Build.0 = Debug|Any CPU
		{B65ECADC-0BC9-4B1A-84EE-C1FE0541A787}.Debug|x64.ActiveCfg = Debug|x64
		{B65ECADC-0BC9-4B1A-84EE-C1FE0541A787}.Debug|x64.Build.0 = Debug|x64
		{B65ECADC-0BC9-4B1A-84EE-C1FE0541A787}.Debug|x86.ActiveCfg = Debug|x86
		{B65ECADC-0BC9-4B1A-84EE-C1FE0541A787}.Debug|x86.Build.0 = Debug|x86
		{B65ECADC-0BC9-4B1A-84EE-C1FE0541A787}.Release|Any CPU.ActiveCfg = Release|Any CPU
		{B65ECADC-0BC9-4B1A-84EE-C1FE0541A787}.Release|Any CPU.Build.0 = Release|Any CPU
		{B65ECADC-0BC9-4B1A-84EE-C1FE0541A787}.Release|x64.ActiveCfg = Release|x64
		{B65ECADC-0BC9-4B1A-84EE-C1FE0541A787}.Release|x64.Build.0 = Release|x64
		{B65ECADC-0BC9-4B1A-84EE-C1FE0541A787}.Release|x86.ActiveCfg = Release|x86
		{B65ECADC-0BC9-4B1A-84EE-C1FE0541A787}.Release|x86.Build.0 = Release|x86
		{2368DFE4-48D1-482D-9445-B5F95FEF5424}.Debug|Any CPU.ActiveCfg = Debug|Any CPU
		{2368DFE4-48D1-482D-9445-B5F95FEF5424}.Debug|Any CPU.Build.0 = Debug|Any CPU
		{2368DFE4-48D1-482D-9445-B5F95FEF5424}.Debug|x64.ActiveCfg = Debug|x64
		{2368DFE4-48D1-482D-9445-B5F95FEF5424}.Debug|x64.Build.0 = Debug|x64
		{2368DFE4-48D1-482D-9445-B5F95FEF5424}.Debug|x86.ActiveCfg = Debug|x86
		{2368DFE4-48D1-482D-9445-B5F95FEF5424}.Debug|x86.Build.0 = Debug|x86
		{2368DFE4-48D1-482D-9445-B5F95FEF5424}.Release|Any CPU.ActiveCfg = Release|Any CPU
		{2368DFE4-48D1-482D-9445-B5F95FEF5424}.Release|Any CPU.Build.0 = Release|Any CPU
		{2368DFE4-48D1-482D-9445-B5F95FEF5424}.Release|x64.ActiveCfg = Release|x64
		{2368DFE4-48D1-482D-9445-B5F95FEF5424}.Release|x64.Build.0 = Release|x64
		{2368DFE4-48D1-482D-9445-B5F95FEF5424}.Release|x86.ActiveCfg = Release|x86
		{2368DFE4-48D1-482D-9445-B5F95FEF5424}.Release|x86.Build.0 = Release|x86
		{5EC0C99E-3EA6-49B6-A1F2-1F5BCB7DB019}.Debug|Any CPU.ActiveCfg = Debug|Any CPU
		{5EC0C99E-3EA6-49B6-A1F2-1F5BCB7DB019}.Debug|Any CPU.Build.0 = Debug|Any CPU
		{5EC0C99E-3EA6-49B6-A1F2-1F5BCB7DB019}.Debug|x64.ActiveCfg = Debug|x64
		{5EC0C99E-3EA6-49B6-A1F2-1F5BCB7DB019}.Debug|x64.Build.0 = Debug|x64
		{5EC0C99E-3EA6-49B6-A1F2-1F5BCB7DB019}.Debug|x86.ActiveCfg = Debug|x86
		{5EC0C99E-3EA6-49B6-A1F2-1F5BCB7DB019}.Debug|x86.Build.0 = Debug|x86
		{5EC0C99E-3EA6-49B6-A1F2-1F5BCB7DB019}.Release|Any CPU.ActiveCfg = Release|Any CPU
		{5EC0C99E-3EA6-49B6-A1F2-1F5BCB7DB019}.Release|Any CPU.Build.0 = Release|Any CPU
		{5EC0C99E-3EA6-49B6-A1F2-1F5BCB7DB019}.Release|x64.ActiveCfg = Release|x64
		{5EC0C99E-3EA6-49B6-A1F2-1F5BCB7DB019}.Release|x64.Build.0 = Release|x64
		{5EC0C99E-3EA6-49B6-A1F2-1F5BCB7DB019}.Release|x86.ActiveCfg = Release|x86
		{5EC0C99E-3EA6-49B6-A1F2-1F5BCB7DB019}.Release|x86.Build.0 = Release|x86
		{344F2633-3277-44C5-A55E-B66F920CCA14}.Debug|Any CPU.ActiveCfg = Debug|Any CPU
		{344F2633-3277-44C5-A55E-B66F920CCA14}.Debug|Any CPU.Build.0 = Debug|Any CPU
		{344F2633-3277-44C5-A55E-B66F920CCA14}.Debug|x64.ActiveCfg = Debug|x64
		{344F2633-3277-44C5-A55E-B66F920CCA14}.Debug|x64.Build.0 = Debug|x64
		{344F2633-3277-44C5-A55E-B66F920CCA14}.Debug|x86.ActiveCfg = Debug|x86
		{344F2633-3277-44C5-A55E-B66F920CCA14}.Debug|x86.Build.0 = Debug|x86
		{344F2633-3277-44C5-A55E-B66F920CCA14}.Release|Any CPU.ActiveCfg = Release|Any CPU
		{344F2633-3277-44C5-A55E-B66F920CCA14}.Release|Any CPU.Build.0 = Release|Any CPU
		{344F2633-3277-44C5-A55E-B66F920CCA14}.Release|x64.ActiveCfg = Release|x64
		{344F2633-3277-44C5-A55E-B66F920CCA14}.Release|x64.Build.0 = Release|x64
		{344F2633-3277-44C5-A55E-B66F920CCA14}.Release|x86.ActiveCfg = Release|x86
		{344F2633-3277-44C5-A55E-B66F920CCA14}.Release|x86.Build.0 = Release|x86
		{4321FA96-3A53-49C1-89EF-8A2F6E9B81C7}.Debug|Any CPU.ActiveCfg = Debug|Any CPU
		{4321FA96-3A53-49C1-89EF-8A2F6E9B81C7}.Debug|Any CPU.Build.0 = Debug|Any CPU
		{4321FA96-3A53-49C1-89EF-8A2F6E9B81C7}.Debug|x64.ActiveCfg = Debug|x64
		{4321FA96-3A53-49C1-89EF-8A2F6E9B81C7}.Debug|x64.Build.0 = Debug|x64
		{4321FA96-3A53-49C1-89EF-8A2F6E9B81C7}.Debug|x86.ActiveCfg = Debug|x86
		{4321FA96-3A53-49C1-89EF-8A2F6E9B81C7}.Debug|x86.Build.0 = Debug|x86
		{4321FA96-3A53-49C1-89EF-8A2F6E9B81C7}.Release|Any CPU.ActiveCfg = Release|Any CPU
		{4321FA96-3A53-49C1-89EF-8A2F6E9B81C7}.Release|Any CPU.Build.0 = Release|Any CPU
		{4321FA96-3A53-49C1-89EF-8A2F6E9B81C7}.Release|x64.ActiveCfg = Release|x64
		{4321FA96-3A53-49C1-89EF-8A2F6E9B81C7}.Release|x64.Build.0 = Release|x64
		{4321FA96-3A53-49C1-89EF-8A2F6E9B81C7}.Release|x86.ActiveCfg = Release|x86
		{4321FA96-3A53-49C1-89EF-8A2F6E9B81C7}.Release|x86.Build.0 = Release|x86
		{6C023597-F6BA-4857-9C3B-82D91EB4B4A3}.Debug|Any CPU.ActiveCfg = Debug|Any CPU
		{6C023597-F6BA-4857-9C3B-82D91EB4B4A3}.Debug|Any CPU.Build.0 = Debug|Any CPU
		{6C023597-F6BA-4857-9C3B-82D91EB4B4A3}.Debug|x64.ActiveCfg = Debug|x64
		{6C023597-F6BA-4857-9C3B-82D91EB4B4A3}.Debug|x64.Build.0 = Debug|x64
		{6C023597-F6BA-4857-9C3B-82D91EB4B4A3}.Debug|x86.ActiveCfg = Debug|x86
		{6C023597-F6BA-4857-9C3B-82D91EB4B4A3}.Debug|x86.Build.0 = Debug|x86
		{6C023597-F6BA-4857-9C3B-82D91EB4B4A3}.Release|Any CPU.ActiveCfg = Release|Any CPU
		{6C023597-F6BA-4857-9C3B-82D91EB4B4A3}.Release|Any CPU.Build.0 = Release|Any CPU
		{6C023597-F6BA-4857-9C3B-82D91EB4B4A3}.Release|x64.ActiveCfg = Release|x64
		{6C023597-F6BA-4857-9C3B-82D91EB4B4A3}.Release|x64.Build.0 = Release|x64
		{6C023597-F6BA-4857-9C3B-82D91EB4B4A3}.Release|x86.ActiveCfg = Release|x86
		{6C023597-F6BA-4857-9C3B-82D91EB4B4A3}.Release|x86.Build.0 = Release|x86
		{0417DDE4-5395-45A2-8518-BAD1112C8FD7}.Debug|Any CPU.ActiveCfg = Debug|Any CPU
		{0417DDE4-5395-45A2-8518-BAD1112C8FD7}.Debug|Any CPU.Build.0 = Debug|Any CPU
		{0417DDE4-5395-45A2-8518-BAD1112C8FD7}.Debug|x64.ActiveCfg = Debug|x64
		{0417DDE4-5395-45A2-8518-BAD1112C8FD7}.Debug|x64.Build.0 = Debug|x64
		{0417DDE4-5395-45A2-8518-BAD1112C8FD7}.Debug|x86.ActiveCfg = Debug|x64
		{0417DDE4-5395-45A2-8518-BAD1112C8FD7}.Debug|x86.Build.0 = Debug|x64
		{0417DDE4-5395-45A2-8518-BAD1112C8FD7}.Release|Any CPU.ActiveCfg = Release|Any CPU
		{0417DDE4-5395-45A2-8518-BAD1112C8FD7}.Release|Any CPU.Build.0 = Release|Any CPU
		{0417DDE4-5395-45A2-8518-BAD1112C8FD7}.Release|x64.ActiveCfg = Release|x64
		{0417DDE4-5395-45A2-8518-BAD1112C8FD7}.Release|x64.Build.0 = Release|x64
		{0417DDE4-5395-45A2-8518-BAD1112C8FD7}.Release|x86.ActiveCfg = Release|Any CPU
		{0417DDE4-5395-45A2-8518-BAD1112C8FD7}.Release|x86.Build.0 = Release|Any CPU
		{B859C82A-D53C-4C65-BADE-C8D8AD6107C8}.Debug|Any CPU.ActiveCfg = Debug|Any CPU
		{B859C82A-D53C-4C65-BADE-C8D8AD6107C8}.Debug|Any CPU.Build.0 = Debug|Any CPU
		{B859C82A-D53C-4C65-BADE-C8D8AD6107C8}.Debug|x64.ActiveCfg = Debug|Any CPU
		{B859C82A-D53C-4C65-BADE-C8D8AD6107C8}.Debug|x64.Build.0 = Debug|Any CPU
		{B859C82A-D53C-4C65-BADE-C8D8AD6107C8}.Debug|x86.ActiveCfg = Debug|Any CPU
		{B859C82A-D53C-4C65-BADE-C8D8AD6107C8}.Debug|x86.Build.0 = Debug|Any CPU
		{B859C82A-D53C-4C65-BADE-C8D8AD6107C8}.Release|Any CPU.ActiveCfg = Release|Any CPU
		{B859C82A-D53C-4C65-BADE-C8D8AD6107C8}.Release|Any CPU.Build.0 = Release|Any CPU
		{B859C82A-D53C-4C65-BADE-C8D8AD6107C8}.Release|x64.ActiveCfg = Release|Any CPU
		{B859C82A-D53C-4C65-BADE-C8D8AD6107C8}.Release|x64.Build.0 = Release|Any CPU
		{B859C82A-D53C-4C65-BADE-C8D8AD6107C8}.Release|x86.ActiveCfg = Release|Any CPU
		{B859C82A-D53C-4C65-BADE-C8D8AD6107C8}.Release|x86.Build.0 = Release|Any CPU
		{11700A83-F635-41DB-8732-A58EA8C41A24}.Debug|Any CPU.ActiveCfg = Debug|Any CPU
		{11700A83-F635-41DB-8732-A58EA8C41A24}.Debug|Any CPU.Build.0 = Debug|Any CPU
		{11700A83-F635-41DB-8732-A58EA8C41A24}.Debug|x64.ActiveCfg = Debug|Any CPU
		{11700A83-F635-41DB-8732-A58EA8C41A24}.Debug|x64.Build.0 = Debug|Any CPU
		{11700A83-F635-41DB-8732-A58EA8C41A24}.Debug|x86.ActiveCfg = Debug|Any CPU
		{11700A83-F635-41DB-8732-A58EA8C41A24}.Debug|x86.Build.0 = Debug|Any CPU
		{11700A83-F635-41DB-8732-A58EA8C41A24}.Release|Any CPU.ActiveCfg = Release|Any CPU
		{11700A83-F635-41DB-8732-A58EA8C41A24}.Release|Any CPU.Build.0 = Release|Any CPU
		{11700A83-F635-41DB-8732-A58EA8C41A24}.Release|x64.ActiveCfg = Release|Any CPU
		{11700A83-F635-41DB-8732-A58EA8C41A24}.Release|x64.Build.0 = Release|Any CPU
		{11700A83-F635-41DB-8732-A58EA8C41A24}.Release|x86.ActiveCfg = Release|Any CPU
		{11700A83-F635-41DB-8732-A58EA8C41A24}.Release|x86.Build.0 = Release|Any CPU
		{B25053FB-2050-4115-9441-8EDF5C03FB1D}.Debug|Any CPU.ActiveCfg = Debug|Any CPU
		{B25053FB-2050-4115-9441-8EDF5C03FB1D}.Debug|Any CPU.Build.0 = Debug|Any CPU
		{B25053FB-2050-4115-9441-8EDF5C03FB1D}.Debug|x64.ActiveCfg = Debug|Any CPU
		{B25053FB-2050-4115-9441-8EDF5C03FB1D}.Debug|x64.Build.0 = Debug|Any CPU
		{B25053FB-2050-4115-9441-8EDF5C03FB1D}.Debug|x86.ActiveCfg = Debug|Any CPU
		{B25053FB-2050-4115-9441-8EDF5C03FB1D}.Debug|x86.Build.0 = Debug|Any CPU
		{B25053FB-2050-4115-9441-8EDF5C03FB1D}.Release|Any CPU.ActiveCfg = Release|Any CPU
		{B25053FB-2050-4115-9441-8EDF5C03FB1D}.Release|Any CPU.Build.0 = Release|Any CPU
		{B25053FB-2050-4115-9441-8EDF5C03FB1D}.Release|x64.ActiveCfg = Release|Any CPU
		{B25053FB-2050-4115-9441-8EDF5C03FB1D}.Release|x64.Build.0 = Release|Any CPU
		{B25053FB-2050-4115-9441-8EDF5C03FB1D}.Release|x86.ActiveCfg = Release|Any CPU
		{B25053FB-2050-4115-9441-8EDF5C03FB1D}.Release|x86.Build.0 = Release|Any CPU
	EndGlobalSection
	GlobalSection(SolutionProperties) = preSolution
		HideSolutionNode = FALSE
	EndGlobalSection
	GlobalSection(ExtensibilityGlobals) = postSolution
		SolutionGuid = {7F05520A-47DA-425D-9B47-729B59632A7D}
	EndGlobalSection
EndGlobal
